
Microsoft Visual Studio Solution File, Format Version 12.00
# Visual Studio 14
VisualStudioVersion = 14.0.24720.0
MinimumVisualStudioVersion = 10.0.40219.1
Project("{2150E333-8FDC-42A3-9474-1A3956D46DE8}") = "src", "src", "{CB467F85-97F4-41B7-BF80-35B0C18B47E9}"
EndProject
Project("{2150E333-8FDC-42A3-9474-1A3956D46DE8}") = "Solution Items", "Solution Items", "{5D2A7F3F-2C0D-4AEF-97A1-68C78ED9B3A5}"
	ProjectSection(SolutionItems) = preProject
		appveyor.yml = appveyor.yml
		global.json = global.json
		build\patch-project-json.js = build\patch-project-json.js
	EndProjectSection
EndProject
Project("{8BB2217D-0F2D-49D1-97BC-3654ED321F3B}") = "Sample", "src\Sample\Sample.xproj", "{9C55BD91-F8A1-48DA-BD74-C6824081E1E2}"
EndProject
Project("{8BB2217D-0F2D-49D1-97BC-3654ED321F3B}") = "CommandRouting", "src\CommandRouting\CommandRouting.xproj", "{3F17BEC2-92A1-4E5D-BFC0-A48B62280EC8}"
EndProject
Project("{8BB2217D-0F2D-49D1-97BC-3654ED321F3B}") = "CommandRouting.UnitTests", "src\CommandRouting.UnitTests\CommandRouting.UnitTests.xproj", "{9CAE217D-35EF-4929-9354-3F3158A4D2FD}"
EndProject
Project("{8BB2217D-0F2D-49D1-97BC-3654ED321F3B}") = "Sample.IntegrationTests", "src\Sample.IntegrationTests\Sample.IntegrationTests.xproj", "{64780B8D-B4B7-4FB8-8BB4-4F50C0C37584}"
EndProject
Global
	GlobalSection(SolutionConfigurationPlatforms) = preSolution
		Debug|Any CPU = Debug|Any CPU
		Release|Any CPU = Release|Any CPU
	EndGlobalSection
	GlobalSection(ProjectConfigurationPlatforms) = postSolution
		{9C55BD91-F8A1-48DA-BD74-C6824081E1E2}.Debug|Any CPU.ActiveCfg = Debug|Any CPU
		{9C55BD91-F8A1-48DA-BD74-C6824081E1E2}.Debug|Any CPU.Build.0 = Debug|Any CPU
		{9C55BD91-F8A1-48DA-BD74-C6824081E1E2}.Release|Any CPU.ActiveCfg = Release|Any CPU
		{9C55BD91-F8A1-48DA-BD74-C6824081E1E2}.Release|Any CPU.Build.0 = Release|Any CPU
		{3F17BEC2-92A1-4E5D-BFC0-A48B62280EC8}.Debug|Any CPU.ActiveCfg = Debug|Any CPU
		{3F17BEC2-92A1-4E5D-BFC0-A48B62280EC8}.Debug|Any CPU.Build.0 = Debug|Any CPU
		{3F17BEC2-92A1-4E5D-BFC0-A48B62280EC8}.Release|Any CPU.ActiveCfg = Release|Any CPU
		{3F17BEC2-92A1-4E5D-BFC0-A48B62280EC8}.Release|Any CPU.Build.0 = Release|Any CPU
		{9CAE217D-35EF-4929-9354-3F3158A4D2FD}.Debug|Any CPU.ActiveCfg = Debug|Any CPU
		{9CAE217D-35EF-4929-9354-3F3158A4D2FD}.Debug|Any CPU.Build.0 = Debug|Any CPU
		{9CAE217D-35EF-4929-9354-3F3158A4D2FD}.Release|Any CPU.ActiveCfg = Release|Any CPU
		{9CAE217D-35EF-4929-9354-3F3158A4D2FD}.Release|Any CPU.Build.0 = Release|Any CPU
		{64780B8D-B4B7-4FB8-8BB4-4F50C0C37584}.Debug|Any CPU.ActiveCfg = Debug|Any CPU
		{64780B8D-B4B7-4FB8-8BB4-4F50C0C37584}.Debug|Any CPU.Build.0 = Debug|Any CPU
		{64780B8D-B4B7-4FB8-8BB4-4F50C0C37584}.Release|Any CPU.ActiveCfg = Release|Any CPU
		{64780B8D-B4B7-4FB8-8BB4-4F50C0C37584}.Release|Any CPU.Build.0 = Release|Any CPU
	EndGlobalSection
	GlobalSection(SolutionProperties) = preSolution
		HideSolutionNode = FALSE
	EndGlobalSection
	GlobalSection(NestedProjects) = preSolution
		{9C55BD91-F8A1-48DA-BD74-C6824081E1E2} = {CB467F85-97F4-41B7-BF80-35B0C18B47E9}
		{3F17BEC2-92A1-4E5D-BFC0-A48B62280EC8} = {CB467F85-97F4-41B7-BF80-35B0C18B47E9}
		{9CAE217D-35EF-4929-9354-3F3158A4D2FD} = {CB467F85-97F4-41B7-BF80-35B0C18B47E9}
		{64780B8D-B4B7-4FB8-8BB4-4F50C0C37584} = {CB467F85-97F4-41B7-BF80-35B0C18B47E9}
	EndGlobalSection
EndGlobal
